
Microsoft Visual Studio Solution File, Format Version 12.00
# Visual Studio Version 17
VisualStudioVersion = 17.0.31903.59
MinimumVisualStudioVersion = 10.0.40219.1
Project("{2150E333-8FDC-42A3-9474-1A3956D46DE8}") = "solution-items", "solution-items", "{F0843A35-412E-4CAC-BAC9-21216891344E}"
	ProjectSection(SolutionItems) = preProject
		dotnet-micro-services-cms.sln = dotnet-micro-services-cms.sln
		global.json = global.json
		.gitignore = .gitignore
	EndProjectSection
EndProject
Project("{2150E333-8FDC-42A3-9474-1A3956D46DE8}") = "src", "src", "{DD3DA960-17F1-494A-91BB-FE625D8799DC}"
EndProject
Project("{2150E333-8FDC-42A3-9474-1A3956D46DE8}") = "test", "test", "{E3424682-B432-47EA-AAC5-ED1A88CB7867}"
EndProject
Project("{2150E333-8FDC-42A3-9474-1A3956D46DE8}") = "api-gateways", "api-gateways", "{13A976B9-0408-4426-BFB8-14DC42274E45}"
EndProject
Project("{2150E333-8FDC-42A3-9474-1A3956D46DE8}") = "apps", "apps", "{8A5CB388-E7FC-4A31-9969-2C68795CC540}"
EndProject
Project("{2150E333-8FDC-42A3-9474-1A3956D46DE8}") = "building-blocks", "building-blocks", "{B282EA03-EFB1-4436-8D57-47EA946CFC06}"
EndProject
Project("{FAE04EC0-301F-11D3-BF4B-00C04F79EFBC}") = "EventBus.Messages", "src\building-blocks\EventBus.Messages\EventBus.Messages.csproj", "{1353A33C-1F88-4A2F-A4CC-DE0A43F2AECF}"
EndProject
Project("{FAE04EC0-301F-11D3-BF4B-00C04F79EFBC}") = "Common.Logging", "src\building-blocks\Common.Logging\Common.Logging.csproj", "{FBF03D10-EF36-4239-93BB-FC5712CDC923}"
EndProject
Project("{FAE04EC0-301F-11D3-BF4B-00C04F79EFBC}") = "Contracts", "src\building-blocks\Contracts\Contracts.csproj", "{2BC52FA4-5421-46EC-81B4-7A5256EBE37D}"
EndProject
Project("{FAE04EC0-301F-11D3-BF4B-00C04F79EFBC}") = "Infrastructure", "src\building-blocks\Infrastructure\Infrastructure.csproj", "{755ACBBC-7DD7-4697-B581-8463E530E0A8}"
EndProject
Project("{FAE04EC0-301F-11D3-BF4B-00C04F79EFBC}") = "Shared", "src\building-blocks\Shared\Shared.csproj", "{06B852AE-60EE-4C50-A0B2-20612C55D0B0}"
EndProject
Project("{2150E333-8FDC-42A3-9474-1A3956D46DE8}") = "blog", "blog", "{1638059A-DE4F-4601-A43E-B3C7097837EE}"
EndProject
Project("{2150E333-8FDC-42A3-9474-1A3956D46DE8}") = "shop", "shop", "{53E42FF1-562A-4EEE-8A1A-1DD896AE566A}"
EndProject
Project("{FAE04EC0-301F-11D3-BF4B-00C04F79EFBC}") = "BFF-Band.API", "src\apps\blog\BFF-Band.API\BFF-Band.API.csproj", "{63066061-EC1F-4BC3-9BCA-5558354A8ECD}"
EndProject
Project("{FAE04EC0-301F-11D3-BF4B-00C04F79EFBC}") = "CMS.Blog.API", "src\apps\blog\CMS.Blog.API\CMS.Blog.API.csproj", "{5E8D3F32-B908-4BD5-ABF8-A291B2DE28AE}"
EndProject
Project("{FAE04EC0-301F-11D3-BF4B-00C04F79EFBC}") = "CMS.Blog.UI", "src\apps\blog\CMS.Blog.UI\CMS.Blog.UI.csproj", "{E8A7936A-9E7B-45DD-AA9D-0B230C3EF440}"
EndProject
Project("{FAE04EC0-301F-11D3-BF4B-00C04F79EFBC}") = "CMS.Shop.UI", "src\apps\shop\CMS.Shop.UI\CMS.Shop.UI.csproj", "{3E5249F7-8AD9-45FA-9C22-FF11817E5B6A}"
EndProject
Project("{2150E333-8FDC-42A3-9474-1A3956D46DE8}") = "dotnet-samples", "dotnet-samples", "{E522627C-D1A7-4A20-9D15-AB3457696FEE}"
EndProject
Global
	GlobalSection(SolutionConfigurationPlatforms) = preSolution
		Debug|Any CPU = Debug|Any CPU
		Release|Any CPU = Release|Any CPU
	EndGlobalSection
	GlobalSection(SolutionProperties) = preSolution
		HideSolutionNode = FALSE
	EndGlobalSection
	GlobalSection(NestedProjects) = preSolution
		{13A976B9-0408-4426-BFB8-14DC42274E45} = {DD3DA960-17F1-494A-91BB-FE625D8799DC}
		{8A5CB388-E7FC-4A31-9969-2C68795CC540} = {DD3DA960-17F1-494A-91BB-FE625D8799DC}
		{B282EA03-EFB1-4436-8D57-47EA946CFC06} = {DD3DA960-17F1-494A-91BB-FE625D8799DC}
		{1353A33C-1F88-4A2F-A4CC-DE0A43F2AECF} = {B282EA03-EFB1-4436-8D57-47EA946CFC06}
		{FBF03D10-EF36-4239-93BB-FC5712CDC923} = {B282EA03-EFB1-4436-8D57-47EA946CFC06}
		{2BC52FA4-5421-46EC-81B4-7A5256EBE37D} = {B282EA03-EFB1-4436-8D57-47EA946CFC06}
		{755ACBBC-7DD7-4697-B581-8463E530E0A8} = {B282EA03-EFB1-4436-8D57-47EA946CFC06}
		{06B852AE-60EE-4C50-A0B2-20612C55D0B0} = {B282EA03-EFB1-4436-8D57-47EA946CFC06}
		{1638059A-DE4F-4601-A43E-B3C7097837EE} = {8A5CB388-E7FC-4A31-9969-2C68795CC540}
		{53E42FF1-562A-4EEE-8A1A-1DD896AE566A} = {8A5CB388-E7FC-4A31-9969-2C68795CC540}
		{63066061-EC1F-4BC3-9BCA-5558354A8ECD} = {1638059A-DE4F-4601-A43E-B3C7097837EE}
		{5E8D3F32-B908-4BD5-ABF8-A291B2DE28AE} = {1638059A-DE4F-4601-A43E-B3C7097837EE}
		{E8A7936A-9E7B-45DD-AA9D-0B230C3EF440} = {1638059A-DE4F-4601-A43E-B3C7097837EE}
		{3E5249F7-8AD9-45FA-9C22-FF11817E5B6A} = {53E42FF1-562A-4EEE-8A1A-1DD896AE566A}
		{E522627C-D1A7-4A20-9D15-AB3457696FEE} = {DD3DA960-17F1-494A-91BB-FE625D8799DC}
	EndGlobalSection
	GlobalSection(ProjectConfigurationPlatforms) = postSolution
		{1353A33C-1F88-4A2F-A4CC-DE0A43F2AECF}.Debug|Any CPU.ActiveCfg = Debug|Any CPU
		{1353A33C-1F88-4A2F-A4CC-DE0A43F2AECF}.Debug|Any CPU.Build.0 = Debug|Any CPU
		{1353A33C-1F88-4A2F-A4CC-DE0A43F2AECF}.Release|Any CPU.ActiveCfg = Release|Any CPU
		{1353A33C-1F88-4A2F-A4CC-DE0A43F2AECF}.Release|Any CPU.Build.0 = Release|Any CPU
		{FBF03D10-EF36-4239-93BB-FC5712CDC923}.Debug|Any CPU.ActiveCfg = Debug|Any CPU
		{FBF03D10-EF36-4239-93BB-FC5712CDC923}.Debug|Any CPU.Build.0 = Debug|Any CPU
		{FBF03D10-EF36-4239-93BB-FC5712CDC923}.Release|Any CPU.ActiveCfg = Release|Any CPU
		{FBF03D10-EF36-4239-93BB-FC5712CDC923}.Release|Any CPU.Build.0 = Release|Any CPU
		{2BC52FA4-5421-46EC-81B4-7A5256EBE37D}.Debug|Any CPU.ActiveCfg = Debug|Any CPU
		{2BC52FA4-5421-46EC-81B4-7A5256EBE37D}.Debug|Any CPU.Build.0 = Debug|Any CPU
		{2BC52FA4-5421-46EC-81B4-7A5256EBE37D}.Release|Any CPU.ActiveCfg = Release|Any CPU
		{2BC52FA4-5421-46EC-81B4-7A5256EBE37D}.Release|Any CPU.Build.0 = Release|Any CPU
		{755ACBBC-7DD7-4697-B581-8463E530E0A8}.Debug|Any CPU.ActiveCfg = Debug|Any CPU
		{755ACBBC-7DD7-4697-B581-8463E530E0A8}.Debug|Any CPU.Build.0 = Debug|Any CPU
		{755ACBBC-7DD7-4697-B581-8463E530E0A8}.Release|Any CPU.ActiveCfg = Release|Any CPU
		{755ACBBC-7DD7-4697-B581-8463E530E0A8}.Release|Any CPU.Build.0 = Release|Any CPU
		{06B852AE-60EE-4C50-A0B2-20612C55D0B0}.Debug|Any CPU.ActiveCfg = Debug|Any CPU
		{06B852AE-60EE-4C50-A0B2-20612C55D0B0}.Debug|Any CPU.Build.0 = Debug|Any CPU
		{06B852AE-60EE-4C50-A0B2-20612C55D0B0}.Release|Any CPU.ActiveCfg = Release|Any CPU
		{06B852AE-60EE-4C50-A0B2-20612C55D0B0}.Release|Any CPU.Build.0 = Release|Any CPU
		{63066061-EC1F-4BC3-9BCA-5558354A8ECD}.Debug|Any CPU.ActiveCfg = Debug|Any CPU
		{63066061-EC1F-4BC3-9BCA-5558354A8ECD}.Debug|Any CPU.Build.0 = Debug|Any CPU
		{63066061-EC1F-4BC3-9BCA-5558354A8ECD}.Release|Any CPU.ActiveCfg = Release|Any CPU
		{63066061-EC1F-4BC3-9BCA-5558354A8ECD}.Release|Any CPU.Build.0 = Release|Any CPU
		{5E8D3F32-B908-4BD5-ABF8-A291B2DE28AE}.Debug|Any CPU.ActiveCfg = Debug|Any CPU
		{5E8D3F32-B908-4BD5-ABF8-A291B2DE28AE}.Debug|Any CPU.Build.0 = Debug|Any CPU
		{5E8D3F32-B908-4BD5-ABF8-A291B2DE28AE}.Release|Any CPU.ActiveCfg = Release|Any CPU
		{5E8D3F32-B908-4BD5-ABF8-A291B2DE28AE}.Release|Any CPU.Build.0 = Release|Any CPU
		{E8A7936A-9E7B-45DD-AA9D-0B230C3EF440}.Debug|Any CPU.ActiveCfg = Debug|Any CPU
		{E8A7936A-9E7B-45DD-AA9D-0B230C3EF440}.Debug|Any CPU.Build.0 = Debug|Any CPU
		{E8A7936A-9E7B-45DD-AA9D-0B230C3EF440}.Release|Any CPU.ActiveCfg = Release|Any CPU
		{E8A7936A-9E7B-45DD-AA9D-0B230C3EF440}.Release|Any CPU.Build.0 = Release|Any CPU
		{3E5249F7-8AD9-45FA-9C22-FF11817E5B6A}.Debug|Any CPU.ActiveCfg = Debug|Any CPU
		{3E5249F7-8AD9-45FA-9C22-FF11817E5B6A}.Debug|Any CPU.Build.0 = Debug|Any CPU
		{3E5249F7-8AD9-45FA-9C22-FF11817E5B6A}.Release|Any CPU.ActiveCfg = Release|Any CPU
		{3E5249F7-8AD9-45FA-9C22-FF11817E5B6A}.Release|Any CPU.Build.0 = Release|Any CPU
	EndGlobalSection
EndGlobal
